PODS:
  - DependencyComponent (0.0.1)
  - DirectorComponent (0.0.1)
  - YHInternal (0.0.1):
    - DependencyComponent
    - DirectorComponent
    - YHPublic
  - YHPublic (0.0.1)

DEPENDENCIES:
  - DependencyComponent (from `LocalPods/DependencyComponent`)
  - DirectorComponent (from `LocalPods/DirectorComponent`)
  - YHInternal (from `LocalPods/ComponentA`)
  - YHPublic (from `LocalPods/ComponentA`)

EXTERNAL SOURCES:
  DependencyComponent:
    :path: LocalPods/DependencyComponent
  DirectorComponent:
    :path: LocalPods/DirectorComponent
  YHInternal:
    :path: LocalPods/ComponentA
  YHPublic:
    :path: LocalPods/ComponentA

SPEC CHECKSUMS:
  DependencyComponent: 88a0fd0328d8463f4297e608acf6053bb40feb7a
  DirectorComponent: 02cfd5a917f6909a5162fce81e51b9eddb0a2ac0
  YHInternal: ea2af05f16e3cc59f280a7a7744a19a3a5fa37aa
  YHPublic: c5d025e2f1607298ceb31b3afc36235b4c793d8a

PODFILE CHECKSUM: 676189d52faefe9eee6cd0d14d9189df4ff960f1

COCOAPODS: 1.5.3
